
Microsoft Visual Studio Solution File, Format Version 12.00
Project("{FAE04EC0-301F-11D3-BF4B-00C04F79EFBC}") = "BTD6ModInstaller", "BTD6ModInstaller\BTD6ModInstaller.csproj", "{80161D7A-4315-42D7-88B0-55819CB56765}"
EndProject
Global
	GlobalSection(SolutionConfigurationPlatforms) = preSolution
		Debug|Any CPU = Debug|Any CPU
		Release|Any CPU = Release|Any CPU
	EndGlobalSection
	GlobalSection(ProjectConfigurationPlatforms) = postSolution
		{80161D7A-4315-42D7-88B0-55819CB56765}.Debug|Any CPU.ActiveCfg = Debug|Any CPU
		{80161D7A-4315-42D7-88B0-55819CB56765}.Debug|Any CPU.Build.0 = Debug|Any CPU
		{80161D7A-4315-42D7-88B0-55819CB56765}.Release|Any CPU.ActiveCfg = Release|Any CPU
		{80161D7A-4315-42D7-88B0-55819CB56765}.Release|Any CPU.Build.0 = Release|Any CPU
	EndGlobalSection
EndGlobal
